// !$*UTF8*$!
{
	archiveVersion = 1;
	classes = {
	};
	objectVersion = 50;
	objects = {

/* Begin PBXBuildFile section */
		F25A37E2221561E000E24058 /* main.cpp in Sources */ = {isa = PBXBuildFile; fileRef = F25A37E1221561E000E24058 /* main.cpp */; };
		F25A37EE2215620400E24058 /* Two Sum.cpp in Sources */ = {isa = PBXBuildFile; fileRef = F25A37E82215620400E24058 /* Two Sum.cpp */; };
		F25A37EF2215620400E24058 /* Longest Substring Without Repeating Characters.cpp in Sources */ = {isa = PBXBuildFile; fileRef = F25A37EA2215620400E24058 /* Longest Substring Without Repeating Characters.cpp */; };
		F25A37F02215620400E24058 /* Reverse Integer.cpp in Sources */ = {isa = PBXBuildFile; fileRef = F25A37EC2215620400E24058 /* Reverse Integer.cpp */; };
		F25A37F12215620400E24058 /* Add Two Numbers.cpp in Sources */ = {isa = PBXBuildFile; fileRef = F25A37ED2215620400E24058 /* Add Two Numbers.cpp */; };
		F25A37F322156B8B00E24058 /* CountAndSay.cpp in Sources */ = {isa = PBXBuildFile; fileRef = F25A37F222156B8B00E24058 /* CountAndSay.cpp */; };
		F27A03122219606C0054F77C /* Reverse String.cpp in Sources */ = {isa = PBXBuildFile; fileRef = F27A03112219606C0054F77C /* Reverse String.cpp */; };
		F27A0314221964F00054F77C /* Maximum Depth of Binary Tree.cpp in Sources */ = {isa = PBXBuildFile; fileRef = F27A0313221964F00054F77C /* Maximum Depth of Binary Tree.cpp */; };
		F27A0316221969F50054F77C /* Fizz Buzz.cpp in Sources */ = {isa = PBXBuildFile; fileRef = F27A0315221969F50054F77C /* Fizz Buzz.cpp */; };
/* End PBXBuildFile section */

/* Begin PBXCopyFilesBuildPhase section */
		F25A37DC221561E000E24058 /* CopyFiles */ = {
			isa = PBXCopyFilesBuildPhase;
			buildActionMask = 2147483647;
			dstPath = /usr/share/man/man1/;
			dstSubfolderSpec = 0;
			files = (
			);
			runOnlyForDeploymentPostprocessing = 1;
		};
/* End PBXCopyFilesBuildPhase section */

/* Begin PBXFileReference section */
		F25A37DE221561E000E24058 /* Algorithm */ = {isa = PBXFileReference; explicitFileType = "compiled.mach-o.executable"; includeInIndex = 0; path = Algorithm; sourceTree = BUILT_PRODUCTS_DIR; };
		F25A37E1221561E000E24058 /* main.cpp */ = {isa = PBXFileReference; lastKnownFileType = sourcecode.cpp.cpp; path = main.cpp; sourceTree = "<group>"; };
		F25A37E82215620400E24058 /* Two Sum.cpp */ = {isa = PBXFileReference; fileEncoding = 4; lastKnownFileType = sourcecode.cpp.cpp; path = "Two Sum.cpp"; sourceTree = "<group>"; };
		F25A37EA2215620400E24058 /* Longest Substring Without Repeating Characters.cpp */ = {isa = PBXFileReference; fileEncoding = 4; lastKnownFileType = sourcecode.cpp.cpp; path = "Longest Substring Without Repeating Characters.cpp"; sourceTree = "<group>"; };
		F25A37EC2215620400E24058 /* Reverse Integer.cpp */ = {isa = PBXFileReference; fileEncoding = 4; lastKnownFileType = sourcecode.cpp.cpp; path = "Reverse Integer.cpp"; sourceTree = "<group>"; };
		F25A37ED2215620400E24058 /* Add Two Numbers.cpp */ = {isa = PBXFileReference; fileEncoding = 4; lastKnownFileType = sourcecode.cpp.cpp; path = "Add Two Numbers.cpp"; sourceTree = "<group>"; };
		F25A37F222156B8B00E24058 /* CountAndSay.cpp */ = {isa = PBXFileReference; lastKnownFileType = sourcecode.cpp.cpp; path = CountAndSay.cpp; sourceTree = "<group>"; };
		F27A03112219606C0054F77C /* Reverse String.cpp */ = {isa = PBXFileReference; lastKnownFileType = sourcecode.cpp.cpp; path = "Reverse String.cpp"; sourceTree = "<group>"; };
		F27A0313221964F00054F77C /* Maximum Depth of Binary Tree.cpp */ = {isa = PBXFileReference; lastKnownFileType = sourcecode.cpp.cpp; path = "Maximum Depth of Binary Tree.cpp"; sourceTree = "<group>"; };
		F27A0315221969F50054F77C /* Fizz Buzz.cpp */ = {isa = PBXFileReference; lastKnownFileType = sourcecode.cpp.cpp; path = "Fizz Buzz.cpp"; sourceTree = "<group>"; };
/* End PBXFileReference section */

/* Begin PBXFrameworksBuildPhase section */
		F25A37DB221561E000E24058 /* Frameworks */ = {
			isa = PBXFrameworksBuildPhase;
			buildActionMask = 2147483647;
			files = (
			);
			runOnlyForDeploymentPostprocessing = 0;
		};
/* End PBXFrameworksBuildPhase section */

/* Begin PBXGroup section */
		F25A37D5221561E000E24058 = {
			isa = PBXGroup;
			children = (
				F25A37E0221561E000E24058 /* Algorithm */,
				F25A37DF221561E000E24058 /* Products */,
			);
			sourceTree = "<group>";
		};
		F25A37DF221561E000E24058 /* Products */ = {
			isa = PBXGroup;
			children = (
				F25A37DE221561E000E24058 /* Algorithm */,
			);
			name = Products;
			sourceTree = "<group>";
		};
		F25A37E0221561E000E24058 /* Algorithm */ = {
			isa = PBXGroup;
			children = (
				F25A37E1221561E000E24058 /* main.cpp */,
				F25A37ED2215620400E24058 /* Add Two Numbers.cpp */,
				F25A37EA2215620400E24058 /* Longest Substring Without Repeating Characters.cpp */,
				F25A37EC2215620400E24058 /* Reverse Integer.cpp */,
				F25A37E82215620400E24058 /* Two Sum.cpp */,
				F25A37F222156B8B00E24058 /* CountAndSay.cpp */,
				F27A03112219606C0054F77C /* Reverse String.cpp */,
				F27A0313221964F00054F77C /* Maximum Depth of Binary Tree.cpp */,
				F27A0315221969F50054F77C /* Fizz Buzz.cpp */,
			);
			path = Algorithm;
			sourceTree = "<group>";
		};
/* End PBXGroup section */

/* Begin PBXNativeTarget section */
		F25A37DD221561E000E24058 /* Algorithm */ = {
			isa = PBXNativeTarget;
			buildConfigurationList = F25A37E5221561E000E24058 /* Build configuration list for PBXNativeTarget "Algorithm" */;
			buildPhases = (
				F25A37DA221561E000E24058 /* Sources */,
				F25A37DB221561E000E24058 /* Frameworks */,
				F25A37DC221561E000E24058 /* CopyFiles */,
			);
			buildRules = (
			);
			dependencies = (
			);
			name = Algorithm;
			productName = Algorithm;
			productReference = F25A37DE221561E000E24058 /* Algorithm */;
			productType = "com.apple.product-type.tool";
		};
/* End PBXNativeTarget section */

/* Begin PBXProject section */
		F25A37D6221561E000E24058 /* Project object */ = {
			isa = PBXProject;
			attributes = {
				LastUpgradeCheck = 1000;
				ORGANIZATIONNAME = JohnLee;
				TargetAttributes = {
					F25A37DD221561E000E24058 = {
						CreatedOnToolsVersion = 10.0;
					};
				};
			};
			buildConfigurationList = F25A37D9221561E000E24058 /* Build configuration list for PBXProject "Algorithm" */;
			compatibilityVersion = "Xcode 9.3";
			developmentRegion = en;
			hasScannedForEncodings = 0;
			knownRegions = (
				en,
			);
			mainGroup = F25A37D5221561E000E24058;
			productRefGroup = F25A37DF221561E000E24058 /* Products */;
			projectDirPath = "";
			projectRoot = "";
			targets = (
				F25A37DD221561E000E24058 /* Algorithm */,
			);
		};
/* End PBXProject section */

/* Begin PBXSourcesBuildPhase section */
		F25A37DA221561E000E24058 /* Sources */ = {
			isa = PBXSourcesBuildPhase;
			buildActionMask = 2147483647;
			files = (
				F25A37EF2215620400E24058 /* Longest Substring Without Repeating Characters.cpp in Sources */,
				F25A37E2221561E000E24058 /* main.cpp in Sources */,
				F27A03122219606C0054F77C /* Reverse String.cpp in Sources */,
				F25A37F02215620400E24058 /* Reverse Integer.cpp in Sources */,
				F27A0316221969F50054F77C /* Fizz Buzz.cpp in Sources */,
				F27A0314221964F00054F77C /* Maximum Depth of Binary Tree.cpp in Sources */,
				F25A37F322156B8B00E24058 /* CountAndSay.cpp in Sources */,
				F25A37F12215620400E24058 /* Add Two Numbers.cpp in Sources */,
				F25A37EE2215620400E24058 /* Two Sum.cpp in Sources */,
			);
			runOnlyForDeploymentPostprocessing = 0;
		};
/* End PBXSourcesBuildPhase section */

/* Begin XCBuildConfiguration section */
		F25A37E3221561E000E24058 /* Debug */ = {
			isa = XCBuildConfiguration;
			buildSettings = {
				ALWAYS_SEARCH_USER_PATHS = NO;
				CLANG_ANALYZER_NONNULL = YES;
				CLANG_ANALYZER_NUMBER_OBJECT_CONVERSION = YES_AGGRESSIVE;
				CLANG_CXX_LANGUAGE_STANDARD = "gnu++14";
				CLANG_CXX_LIBRARY = "libc++";
				CLANG_ENABLE_MODULES = YES;
				CLANG_ENABLE_OBJC_ARC = YES;
				CLANG_ENABLE_OBJC_WEAK = YES;
				CLANG_WARN_BLOCK_CAPTURE_AUTORELEASING = YES;
				CLANG_WARN_BOOL_CONVERSION = YES;
				CLANG_WARN_COMMA = YES;
				CLANG_WARN_CONSTANT_CONVERSION = YES;
				CLANG_WARN_DEPRECATED_OBJC_IMPLEMENTATIONS = YES;
				CLANG_WARN_DIRECT_OBJC_ISA_USAGE = YES_ERROR;
				CLANG_WARN_DOCUMENTATION_COMMENTS = YES;
				CLANG_WARN_EMPTY_BODY = YES;
				CLANG_WARN_ENUM_CONVERSION = YES;
				CLANG_WARN_INFINITE_RECURSION = YES;
				CLANG_WARN_INT_CONVERSION = YES;
				CLANG_WARN_NON_LITERAL_NULL_CONVERSION = YES;
				CLANG_WARN_OBJC_IMPLICIT_RETAIN_SELF = YES;
				CLANG_WARN_OBJC_LITERAL_CONVERSION = YES;
				CLANG_WARN_OBJC_ROOT_CLASS = YES_ERROR;
				CLANG_WARN_RANGE_LOOP_ANALYSIS = YES;
				CLANG_WARN_STRICT_PROTOTYPES = YES;
				CLANG_WARN_SUSPICIOUS_MOVE = YES;
				CLANG_WARN_UNGUARDED_AVAILABILITY = YES_AGGRESSIVE;
				CLANG_WARN_UNREACHABLE_CODE = YES;
				CLANG_WARN__DUPLICATE_METHOD_MATCH = YES;
				CODE_SIGN_IDENTITY = "Mac Developer";
				COPY_PHASE_STRIP = NO;
				DEBUG_INFORMATION_FORMAT = dwarf;
				ENABLE_STRICT_OBJC_MSGSEND = YES;
				ENABLE_TESTABILITY = YES;
				GCC_C_LANGUAGE_STANDARD = gnu11;
				GCC_DYNAMIC_NO_PIC = NO;
				GCC_NO_COMMON_BLOCKS = YES;
				GCC_OPTIMIZATION_LEVEL = 0;
				GCC_PREPROCESSOR_DEFINITIONS = (
					"DEBUG=1",
					"$(inherited)",
				);
				GCC_WARN_64_TO_32_BIT_CONVERSION = YES;
				GCC_WARN_ABOUT_RETURN_TYPE = YES_ERROR;
				GCC_WARN_UNDECLARED_SELECTOR = YES;
				GCC_WARN_UNINITIALIZED_AUTOS = YES_AGGRESSIVE;
				GCC_WARN_UNUSED_FUNCTION = YES;
				GCC_WARN_UNUSED_VARIABLE = YES;
				MACOSX_DEPLOYMENT_TARGET = 10.14;
				MTL_ENABLE_DEBUG_INFO = INCLUDE_SOURCE;
				MTL_FAST_MATH = YES;
				ONLY_ACTIVE_ARCH = YES;
				SDKROOT = macosx;
			};
			name = Debug;
		};
		F25A37E4221561E000E24058 /* Release */ = {
			isa = XCBuildConfiguration;
			buildSettings = {
				ALWAYS_SEARCH_USER_PATHS = NO;
				CLANG_ANALYZER_NONNULL = YES;
				CLANG_ANALYZER_NUMBER_OBJECT_CONVERSION = YES_AGGRESSIVE;
				CLANG_CXX_LANGUAGE_STANDARD = "gnu++14";
				CLANG_CXX_LIBRARY = "libc++";
				CLANG_ENABLE_MODULES = YES;
				CLANG_ENABLE_OBJC_ARC = YES;
				CLANG_ENABLE_OBJC_WEAK = YES;
				CLANG_WARN_BLOCK_CAPTURE_AUTORELEASING = YES;
				CLANG_WARN_BOOL_CONVERSION = YES;
				CLANG_WARN_COMMA = YES;
				CLANG_WARN_CONSTANT_CONVERSION = YES;
				CLANG_WARN_DEPRECATED_OBJC_IMPLEMENTATIONS = YES;
				CLANG_WARN_DIRECT_OBJC_ISA_USAGE = YES_ERROR;
				CLANG_WARN_DOCUMENTATION_COMMENTS = YES;
				CLANG_WARN_EMPTY_BODY = YES;
				CLANG_WARN_ENUM_CONVERSION = YES;
				CLANG_WARN_INFINITE_RECURSION = YES;
				CLANG_WARN_INT_CONVERSION = YES;
				CLANG_WARN_NON_LITERAL_NULL_CONVERSION = YES;
				CLANG_WARN_OBJC_IMPLICIT_RETAIN_SELF = YES;
				CLANG_WARN_OBJC_LITERAL_CONVERSION = YES;
				CLANG_WARN_OBJC_ROOT_CLASS = YES_ERROR;
				CLANG_WARN_RANGE_LOOP_ANALYSIS = YES;
				CLANG_WARN_STRICT_PROTOTYPES = YES;
				CLANG_WARN_SUSPICIOUS_MOVE = YES;
				CLANG_WARN_UNGUARDED_AVAILABILITY = YES_AGGRESSIVE;
				CLANG_WARN_UNREACHABLE_CODE = YES;
				CLANG_WARN__DUPLICATE_METHOD_MATCH = YES;
				CODE_SIGN_IDENTITY = "Mac Developer";
				COPY_PHASE_STRIP = NO;
				DEBUG_INFORMATION_FORMAT = "dwarf-with-dsym";
				ENABLE_NS_ASSERTIONS = NO;
				ENABLE_STRICT_OBJC_MSGSEND = YES;
				GCC_C_LANGUAGE_STANDARD = gnu11;
				GCC_NO_COMMON_BLOCKS = YES;
				GCC_WARN_64_TO_32_BIT_CONVERSION = YES;
				GCC_WARN_ABOUT_RETURN_TYPE = YES_ERROR;
				GCC_WARN_UNDECLARED_SELECTOR = YES;
				GCC_WARN_UNINITIALIZED_AUTOS = YES_AGGRESSIVE;
				GCC_WARN_UNUSED_FUNCTION = YES;
				GCC_WARN_UNUSED_VARIABLE = YES;
				MACOSX_DEPLOYMENT_TARGET = 10.14;
				MTL_ENABLE_DEBUG_INFO = NO;
				MTL_FAST_MATH = YES;
				SDKROOT = macosx;
			};
			name = Release;
		};
		F25A37E6221561E000E24058 /* Debug */ = {
			isa = XCBuildConfiguration;
			buildSettings = {
				CODE_SIGN_STYLE = Automatic;
				DEVELOPMENT_TEAM = JGRNKP3327;
				PRODUCT_NAME = "$(TARGET_NAME)";
			};
			name = Debug;
		};
		F25A37E7221561E000E24058 /* Release */ = {
			isa = XCBuildConfiguration;
			buildSettings = {
				CODE_SIGN_STYLE = Automatic;
				DEVELOPMENT_TEAM = JGRNKP3327;
				PRODUCT_NAME = "$(TARGET_NAME)";
			};
			name = Release;
		};
/* End XCBuildConfiguration section */

/* Begin XCConfigurationList section */
		F25A37D9221561E000E24058 /* Build configuration list for PBXProject "Algorithm" */ = {
			isa = XCConfigurationList;
			buildConfigurations = (
				F25A37E3221561E000E24058 /* Debug */,
				F25A37E4221561E000E24058 /* Release */,
			);
			defaultConfigurationIsVisible = 0;
			defaultConfigurationName = Release;
		};
		F25A37E5221561E000E24058 /* Build configuration list for PBXNativeTarget "Algorithm" */ = {
			isa = XCConfigurationList;
			buildConfigurations = (
				F25A37E6221561E000E24058 /* Debug */,
				F25A37E7221561E000E24058 /* Release */,
			);
			defaultConfigurationIsVisible = 0;
			defaultConfigurationName = Release;
		};
/* End XCConfigurationList section */
	};
	rootObject = F25A37D6221561E000E24058 /* Project object */;
}
